{
  "name": "homebridge-sure-petcare-platform",
  "version": "0.2.0",
  "lockfileVersion": 3,
  "requires": true,
  "packages": {
    "": {
      "name": "homebridge-sure-petcare-platform",
      "version": "0.2.0",
      "license": "MIT",
      "dependencies": {},
      "peerDependencies": {
        "homebridge": ">=1.6.0"
      },
      "engines": {
        "node": ">=18.0.0",
        "homebridge": ">=1.6.0"
      }
    }
  }
}
