{
  "name": "homebridge-petsure",
  "version": "1.0.0",
  "lockfileVersion": 3,
  "requires": true,
  "packages": {
    "": {
      "name": "homebridge-petsure",
      "version": "1.0.0",
      "license": "MIT",
      "peerDependencies": {
        "homebridge": ">=1.6.0"
      },
      "engines": {
        "node": ">=18.0.0",
        "homebridge": ">=1.6.0"
      }
    }
  }
}
